// !$*UTF8*$!
{
	archiveVersion = 1;
	classes = {
	};
	objectVersion = 50;
	objects = {

/* Begin PBXGroup section */
		074747D32145A26E00DBA04A = {
			isa = PBXGroup;
			children = (
			);
			sourceTree = "<group>";
		};
/* End PBXGroup section */

/* Begin PBXProject section */
		074747D42145A26E00DBA04A /* Project object */ = {
			isa = PBXProject;
			attributes = {
				LastUpgradeCheck = 0940;
			};
			buildConfigurationList = 074747D72145A26E00DBA04A /* Build configuration list for PBXProject "KSOColorPicker" */;
			compatibilityVersion = "Xcode 9.3";
			developmentRegion = en;
			hasScannedForEncodings = 0;
			knownRegions = (
				en,
			);
			mainGroup = 074747D32145A26E00DBA04A;
			projectDirPath = "";
			projectRoot = "";
			targets = (
			);
		};
/* End PBXProject section */

/* Begin XCBuildConfiguration section */
		074747D82145A26E00DBA04A /* Debug */ = {
			isa = XCBuildConfiguration;
			buildSettings = {
			};
			name = Debug;
		};
		074747D92145A26E00DBA04A /* Release */ = {
			isa = XCBuildConfiguration;
			buildSettings = {
			};
			name = Release;
		};
/* End XCBuildConfiguration section */

/* Begin XCConfigurationList section */
		074747D72145A26E00DBA04A /* Build configuration list for PBXProject "KSOColorPicker" */ = {
			isa = XCConfigurationList;
			buildConfigurations = (
				074747D82145A26E00DBA04A /* Debug */,
				074747D92145A26E00DBA04A /* Release */,
			);
			defaultConfigurationIsVisible = 0;
			defaultConfigurationName = Release;
		};
/* End XCConfigurationList section */
	};
	rootObject = 074747D42145A26E00DBA04A /* Project object */;
}
